
Microsoft Visual Studio Solution File, Format Version 11.00
# Visual Studio 2010
Project("{FAE04EC0-301F-11D3-BF4B-00C04F79EFBC}") = "MobileMilk", "MobileMilk\MobileMilk.csproj", "{54D535A1-B547-40DF-8C85-9CC95F56500B}"
EndProject
Project("{FAE04EC0-301F-11D3-BF4B-00C04F79EFBC}") = "MobileMilk.Data", "MobileMilk.Data\MobileMilk.Data.csproj", "{3EA34A4F-34BA-4999-B1E1-E2353852930C}"
EndProject
Project("{FAE04EC0-301F-11D3-BF4B-00C04F79EFBC}") = "MobileMilk.Model", "MobileMilk.Model\MobileMilk.Model.csproj", "{7FB03978-B74A-4129-95B8-72CF17B6FD65}"
EndProject
Project("{FAE04EC0-301F-11D3-BF4B-00C04F79EFBC}") = "MobileMilk.Store", "MobileMilk.Store\MobileMilk.Store.csproj", "{B3E534D2-5AF7-4666-BC2B-FF246FD4DA34}"
EndProject
Project("{FAE04EC0-301F-11D3-BF4B-00C04F79EFBC}") = "MobileMilk.Common", "MobileMilk.Common\MobileMilk.Common.csproj", "{6E7AA249-F4F6-4248-927B-F9217788598A}"
EndProject
Global
	GlobalSection(SolutionConfigurationPlatforms) = preSolution
		Debug|Any CPU = Debug|Any CPU
		Release|Any CPU = Release|Any CPU
	EndGlobalSection
	GlobalSection(ProjectConfigurationPlatforms) = postSolution
		{54D535A1-B547-40DF-8C85-9CC95F56500B}.Debug|Any CPU.ActiveCfg = Debug|Any CPU
		{54D535A1-B547-40DF-8C85-9CC95F56500B}.Debug|Any CPU.Build.0 = Debug|Any CPU
		{54D535A1-B547-40DF-8C85-9CC95F56500B}.Debug|Any CPU.Deploy.0 = Debug|Any CPU
		{54D535A1-B547-40DF-8C85-9CC95F56500B}.Release|Any CPU.ActiveCfg = Release|Any CPU
		{54D535A1-B547-40DF-8C85-9CC95F56500B}.Release|Any CPU.Build.0 = Release|Any CPU
		{54D535A1-B547-40DF-8C85-9CC95F56500B}.Release|Any CPU.Deploy.0 = Release|Any CPU
		{3EA34A4F-34BA-4999-B1E1-E2353852930C}.Debug|Any CPU.ActiveCfg = Debug|Any CPU
		{3EA34A4F-34BA-4999-B1E1-E2353852930C}.Debug|Any CPU.Build.0 = Debug|Any CPU
		{3EA34A4F-34BA-4999-B1E1-E2353852930C}.Release|Any CPU.ActiveCfg = Release|Any CPU
		{3EA34A4F-34BA-4999-B1E1-E2353852930C}.Release|Any CPU.Build.0 = Release|Any CPU
		{7FB03978-B74A-4129-95B8-72CF17B6FD65}.Debug|Any CPU.ActiveCfg = Debug|Any CPU
		{7FB03978-B74A-4129-95B8-72CF17B6FD65}.Debug|Any CPU.Build.0 = Debug|Any CPU
		{7FB03978-B74A-4129-95B8-72CF17B6FD65}.Release|Any CPU.ActiveCfg = Release|Any CPU
		{7FB03978-B74A-4129-95B8-72CF17B6FD65}.Release|Any CPU.Build.0 = Release|Any CPU
		{B3E534D2-5AF7-4666-BC2B-FF246FD4DA34}.Debug|Any CPU.ActiveCfg = Debug|Any CPU
		{B3E534D2-5AF7-4666-BC2B-FF246FD4DA34}.Debug|Any CPU.Build.0 = Debug|Any CPU
		{B3E534D2-5AF7-4666-BC2B-FF246FD4DA34}.Release|Any CPU.ActiveCfg = Release|Any CPU
		{B3E534D2-5AF7-4666-BC2B-FF246FD4DA34}.Release|Any CPU.Build.0 = Release|Any CPU
		{6E7AA249-F4F6-4248-927B-F9217788598A}.Debug|Any CPU.ActiveCfg = Debug|Any CPU
		{6E7AA249-F4F6-4248-927B-F9217788598A}.Debug|Any CPU.Build.0 = Debug|Any CPU
		{6E7AA249-F4F6-4248-927B-F9217788598A}.Release|Any CPU.ActiveCfg = Release|Any CPU
		{6E7AA249-F4F6-4248-927B-F9217788598A}.Release|Any CPU.Build.0 = Release|Any CPU
	EndGlobalSection
	GlobalSection(SolutionProperties) = preSolution
		HideSolutionNode = FALSE
	EndGlobalSection
EndGlobal
